
Microsoft Visual Studio Solution File, Format Version 12.00
# Visual Studio 15
VisualStudioVersion = 15.0.28307.136
MinimumVisualStudioVersion = 10.0.40219.1
Project("{FAE04EC0-301F-11D3-BF4B-00C04F79EFBC}") = "PerfectSquareApp", "ConsoleApp2\PerfectSquareApp.csproj", "{BBBB2C25-3EC8-471C-B06B-C80082A3494D}"
EndProject
Project("{FAE04EC0-301F-11D3-BF4B-00C04F79EFBC}") = "UnitTestProject1", "UnitTestProject1\UnitTestProject1.csproj", "{5BA5D289-DE65-462C-901F-8ABEAE93E919}"
EndProject
Global
	GlobalSection(SolutionConfigurationPlatforms) = preSolution
		Debug|Any CPU = Debug|Any CPU
		Release|Any CPU = Release|Any CPU
	EndGlobalSection
	GlobalSection(ProjectConfigurationPlatforms) = postSolution
		{BBBB2C25-3EC8-471C-B06B-C80082A3494D}.Debug|Any CPU.ActiveCfg = Debug|Any CPU
		{BBBB2C25-3EC8-471C-B06B-C80082A3494D}.Debug|Any CPU.Build.0 = Debug|Any CPU
		{BBBB2C25-3EC8-471C-B06B-C80082A3494D}.Release|Any CPU.ActiveCfg = Release|Any CPU
		{BBBB2C25-3EC8-471C-B06B-C80082A3494D}.Release|Any CPU.Build.0 = Release|Any CPU
		{5BA5D289-DE65-462C-901F-8ABEAE93E919}.Debug|Any CPU.ActiveCfg = Debug|Any CPU
		{5BA5D289-DE65-462C-901F-8ABEAE93E919}.Debug|Any CPU.Build.0 = Debug|Any CPU
		{5BA5D289-DE65-462C-901F-8ABEAE93E919}.Release|Any CPU.ActiveCfg = Release|Any CPU
		{5BA5D289-DE65-462C-901F-8ABEAE93E919}.Release|Any CPU.Build.0 = Release|Any CPU
	EndGlobalSection
	GlobalSection(SolutionProperties) = preSolution
		HideSolutionNode = FALSE
	EndGlobalSection
	GlobalSection(ExtensibilityGlobals) = postSolution
		SolutionGuid = {39C08192-2C43-489F-B212-0FE9015256C3}
	EndGlobalSection
EndGlobal
